
Microsoft Visual Studio Solution File, Format Version 12.00
# Visual Studio Version 16
VisualStudioVersion = 16.0.29509.3
MinimumVisualStudioVersion = 10.0.40219.1
Project("{9A19103F-16F7-4668-BE54-9A1E7A4F7556}") = "Entities", "Entities\Entities.csproj", "{BE8E29A8-E615-4C19-BB1D-B5CE36D37040}"
EndProject
Project("{9A19103F-16F7-4668-BE54-9A1E7A4F7556}") = "DataAccess", "DataAccess\DataAccess.csproj", "{C128F985-D193-4B9C-84BF-59EA84992B05}"
EndProject
Project("{9A19103F-16F7-4668-BE54-9A1E7A4F7556}") = "Business", "Business\Business.csproj", "{06B86AB9-2CC0-47AD-BE77-190A512BA80F}"
EndProject
Project("{9A19103F-16F7-4668-BE54-9A1E7A4F7556}") = "Core", "Core\Core.csproj", "{B870B7E5-9489-4AA7-89D8-6D7170DF4AD7}"
EndProject
Project("{9A19103F-16F7-4668-BE54-9A1E7A4F7556}") = "WebAPI", "WebAPI\WebAPI.csproj", "{9C46D88E-0C60-4A34-AFF0-AFB56AC86254}"
EndProject
Global
	GlobalSection(SolutionConfigurationPlatforms) = preSolution
		Debug|Any CPU = Debug|Any CPU
		Release|Any CPU = Release|Any CPU
	EndGlobalSection
	GlobalSection(ProjectConfigurationPlatforms) = postSolution
		{BE8E29A8-E615-4C19-BB1D-B5CE36D37040}.Debug|Any CPU.ActiveCfg = Debug|Any CPU
		{BE8E29A8-E615-4C19-BB1D-B5CE36D37040}.Debug|Any CPU.Build.0 = Debug|Any CPU
		{BE8E29A8-E615-4C19-BB1D-B5CE36D37040}.Release|Any CPU.ActiveCfg = Release|Any CPU
		{BE8E29A8-E615-4C19-BB1D-B5CE36D37040}.Release|Any CPU.Build.0 = Release|Any CPU
		{C128F985-D193-4B9C-84BF-59EA84992B05}.Debug|Any CPU.ActiveCfg = Debug|Any CPU
		{C128F985-D193-4B9C-84BF-59EA84992B05}.Debug|Any CPU.Build.0 = Debug|Any CPU
		{C128F985-D193-4B9C-84BF-59EA84992B05}.Release|Any CPU.ActiveCfg = Release|Any CPU
		{C128F985-D193-4B9C-84BF-59EA84992B05}.Release|Any CPU.Build.0 = Release|Any CPU
		{06B86AB9-2CC0-47AD-BE77-190A512BA80F}.Debug|Any CPU.ActiveCfg = Debug|Any CPU
		{06B86AB9-2CC0-47AD-BE77-190A512BA80F}.Debug|Any CPU.Build.0 = Debug|Any CPU
		{06B86AB9-2CC0-47AD-BE77-190A512BA80F}.Release|Any CPU.ActiveCfg = Release|Any CPU
		{06B86AB9-2CC0-47AD-BE77-190A512BA80F}.Release|Any CPU.Build.0 = Release|Any CPU
		{B870B7E5-9489-4AA7-89D8-6D7170DF4AD7}.Debug|Any CPU.ActiveCfg = Debug|Any CPU
		{B870B7E5-9489-4AA7-89D8-6D7170DF4AD7}.Debug|Any CPU.Build.0 = Debug|Any CPU
		{B870B7E5-9489-4AA7-89D8-6D7170DF4AD7}.Release|Any CPU.ActiveCfg = Release|Any CPU
		{B870B7E5-9489-4AA7-89D8-6D7170DF4AD7}.Release|Any CPU.Build.0 = Release|Any CPU
		{9C46D88E-0C60-4A34-AFF0-AFB56AC86254}.Debug|Any CPU.ActiveCfg = Debug|Any CPU
		{9C46D88E-0C60-4A34-AFF0-AFB56AC86254}.Debug|Any CPU.Build.0 = Debug|Any CPU
		{9C46D88E-0C60-4A34-AFF0-AFB56AC86254}.Release|Any CPU.ActiveCfg = Release|Any CPU
		{9C46D88E-0C60-4A34-AFF0-AFB56AC86254}.Release|Any CPU.Build.0 = Release|Any CPU
	EndGlobalSection
	GlobalSection(SolutionProperties) = preSolution
		HideSolutionNode = FALSE
	EndGlobalSection
	GlobalSection(ExtensibilityGlobals) = postSolution
		SolutionGuid = {0F5DF506-1208-43A2-97FF-75B70137733F}
	EndGlobalSection
	GlobalSection(TeamFoundationVersionControl) = preSolution
		SccNumberOfProjects = 6
		SccEnterpriseProvider = {4CA58AB2-18FA-4F8D-95D4-32DDF27D184C}
		SccTeamFoundationServer = https://shayzaran.visualstudio.com/
		SccLocalPath0 = .
		SccProjectUniqueName1 = Business\\Business.csproj
		SccProjectName1 = Business
		SccLocalPath1 = Business
		SccProjectUniqueName2 = Core\\Core.csproj
		SccProjectName2 = Core
		SccLocalPath2 = Core
		SccProjectUniqueName3 = DataAccess\\DataAccess.csproj
		SccProjectName3 = DataAccess
		SccLocalPath3 = DataAccess
		SccProjectUniqueName4 = Entities\\Entities.csproj
		SccProjectName4 = Entities
		SccLocalPath4 = Entities
		SccProjectUniqueName5 = WebAPI\\WebAPI.csproj
		SccProjectName5 = WebAPI
		SccLocalPath5 = WebAPI
	EndGlobalSection
EndGlobal
